
Microsoft Visual Studio Solution File, Format Version 12.00
# Visual Studio Version 17
VisualStudioVersion = 17.13.35913.81 d17.13
MinimumVisualStudioVersion = 10.0.40219.1
Project("{FAE04EC0-301F-11D3-BF4B-00C04F79EFBC}") = "ValidantoDatas", "ValidantoDatas\ValidantoDatas.csproj", "{45ECC479-CD86-4FDD-8484-36298AC020F1}"
EndProject
Global
	GlobalSection(SolutionConfigurationPlatforms) = preSolution
		Debug|Any CPU = Debug|Any CPU
		Release|Any CPU = Release|Any CPU
	EndGlobalSection
	GlobalSection(ProjectConfigurationPlatforms) = postSolution
		{45ECC479-CD86-4FDD-8484-36298AC020F1}.Debug|Any CPU.ActiveCfg = Debug|Any CPU
		{45ECC479-CD86-4FDD-8484-36298AC020F1}.Debug|Any CPU.Build.0 = Debug|Any CPU
		{45ECC479-CD86-4FDD-8484-36298AC020F1}.Release|Any CPU.ActiveCfg = Release|Any CPU
		{45ECC479-CD86-4FDD-8484-36298AC020F1}.Release|Any CPU.Build.0 = Release|Any CPU
	EndGlobalSection
	GlobalSection(SolutionProperties) = preSolution
		HideSolutionNode = FALSE
	EndGlobalSection
	GlobalSection(ExtensibilityGlobals) = postSolution
		SolutionGuid = {44C8A462-2321-4713-BC81-47ABA35BDC05}
	EndGlobalSection
EndGlobal
