
Microsoft Visual Studio Solution File, Format Version 12.00
# Visual Studio Version 17
VisualStudioVersion = 17.13.35913.81 d17.13
MinimumVisualStudioVersion = 10.0.40219.1
Project("{FAE04EC0-301F-11D3-BF4B-00C04F79EFBC}") = "CSharp-Encontrando", "CSharp-Encontrando\CSharp-Encontrando.csproj", "{9C257720-6C3F-42B5-8070-8AE1C2CD6877}"
EndProject
Global
	GlobalSection(SolutionConfigurationPlatforms) = preSolution
		Debug|Any CPU = Debug|Any CPU
		Release|Any CPU = Release|Any CPU
	EndGlobalSection
	GlobalSection(ProjectConfigurationPlatforms) = postSolution
		{9C257720-6C3F-42B5-8070-8AE1C2CD6877}.Debug|Any CPU.ActiveCfg = Debug|Any CPU
		{9C257720-6C3F-42B5-8070-8AE1C2CD6877}.Debug|Any CPU.Build.0 = Debug|Any CPU
		{9C257720-6C3F-42B5-8070-8AE1C2CD6877}.Release|Any CPU.ActiveCfg = Release|Any CPU
		{9C257720-6C3F-42B5-8070-8AE1C2CD6877}.Release|Any CPU.Build.0 = Release|Any CPU
	EndGlobalSection
	GlobalSection(SolutionProperties) = preSolution
		HideSolutionNode = FALSE
	EndGlobalSection
	GlobalSection(ExtensibilityGlobals) = postSolution
		SolutionGuid = {35DB6760-4515-45B1-AB35-0CED68C34A57}
	EndGlobalSection
EndGlobal
