
Microsoft Visual Studio Solution File, Format Version 12.00
# Visual Studio Version 17
VisualStudioVersion = 17.13.35913.81 d17.13
MinimumVisualStudioVersion = 10.0.40219.1
Project("{FAE04EC0-301F-11D3-BF4B-00C04F79EFBC}") = "ExtraiValorMoeda", "ExtraiValorMoeda\ExtraiValorMoeda.csproj", "{0FECF194-CFFB-45F4-AA99-4CEAB7489FEA}"
EndProject
Global
	GlobalSection(SolutionConfigurationPlatforms) = preSolution
		Debug|Any CPU = Debug|Any CPU
		Release|Any CPU = Release|Any CPU
	EndGlobalSection
	GlobalSection(ProjectConfigurationPlatforms) = postSolution
		{0FECF194-CFFB-45F4-AA99-4CEAB7489FEA}.Debug|Any CPU.ActiveCfg = Debug|Any CPU
		{0FECF194-CFFB-45F4-AA99-4CEAB7489FEA}.Debug|Any CPU.Build.0 = Debug|Any CPU
		{0FECF194-CFFB-45F4-AA99-4CEAB7489FEA}.Release|Any CPU.ActiveCfg = Release|Any CPU
		{0FECF194-CFFB-45F4-AA99-4CEAB7489FEA}.Release|Any CPU.Build.0 = Release|Any CPU
	EndGlobalSection
	GlobalSection(SolutionProperties) = preSolution
		HideSolutionNode = FALSE
	EndGlobalSection
	GlobalSection(ExtensibilityGlobals) = postSolution
		SolutionGuid = {E692F1D4-9DD2-4650-87E0-AF213CF6E406}
	EndGlobalSection
EndGlobal
